
Microsoft Visual Studio Solution File, Format Version 12.00
# Visual Studio 15
VisualStudioVersion = 15.0.28010.2041
MinimumVisualStudioVersion = 10.0.40219.1
Project("{FAE04EC0-301F-11D3-BF4B-00C04F79EFBC}") = "Localization", "Localization\Localization.csproj", "{FCEA926B-0ED4-4465-A8F3-21B1AEB44254}"
EndProject
Global
	GlobalSection(SolutionConfigurationPlatforms) = preSolution
		Debug|Any CPU = Debug|Any CPU
		Release|Any CPU = Release|Any CPU
	EndGlobalSection
	GlobalSection(ProjectConfigurationPlatforms) = postSolution
		{FCEA926B-0ED4-4465-A8F3-21B1AEB44254}.Debug|Any CPU.ActiveCfg = Debug|Any CPU
		{FCEA926B-0ED4-4465-A8F3-21B1AEB44254}.Debug|Any CPU.Build.0 = Debug|Any CPU
		{FCEA926B-0ED4-4465-A8F3-21B1AEB44254}.Release|Any CPU.ActiveCfg = Release|Any CPU
		{FCEA926B-0ED4-4465-A8F3-21B1AEB44254}.Release|Any CPU.Build.0 = Release|Any CPU
	EndGlobalSection
	GlobalSection(SolutionProperties) = preSolution
		HideSolutionNode = FALSE
	EndGlobalSection
	GlobalSection(ExtensibilityGlobals) = postSolution
		SolutionGuid = {6CAE575A-4808-4663-B250-C2D671AA0DA7}
	EndGlobalSection
EndGlobal
